// !$*UTF8*$!
{
	archiveVersion = 1;
	classes = {
	};
	objectVersion = 56;
	objects = {

/* Begin PBXBuildFile section */
		2ED2BE8D2584304D102A1AF5 /* Pods_todo_app_ahc.framework in Frameworks */ = {isa = PBXBuildFile; fileRef = 177D78ED6D36C683C4DECB1A /* Pods_todo_app_ahc.framework */; };
		B65F9525489F72F0EDF91D54 /* Pods_todo_app_ahcTests.framework in Frameworks */ = {isa = PBXBuildFile; fileRef = 82291060EF73612EBC5CBAE0 /* Pods_todo_app_ahcTests.framework */; };
		FE0085322A4671280049F403 /* TodoDetailsTableViewController.swift in Sources */ = {isa = PBXBuildFile; fileRef = FE0085312A4671280049F403 /* TodoDetailsTableViewController.swift */; };
		FE0085342A4671590049F403 /* TextViewTableViewCell.swift in Sources */ = {isa = PBXBuildFile; fileRef = FE0085332A4671590049F403 /* TextViewTableViewCell.swift */; };
		FE0085362A4672050049F403 /* PriorityTableViewCell.swift in Sources */ = {isa = PBXBuildFile; fileRef = FE0085352A4672050049F403 /* PriorityTableViewCell.swift */; };
		FE0085382A4672270049F403 /* DeadlineTableViewCell.swift in Sources */ = {isa = PBXBuildFile; fileRef = FE0085372A4672270049F403 /* DeadlineTableViewCell.swift */; };
		FE00853A2A4672530049F403 /* DatePickerTableViewCell.swift in Sources */ = {isa = PBXBuildFile; fileRef = FE0085392A4672530049F403 /* DatePickerTableViewCell.swift */; };
		FE00853C2A46726B0049F403 /* DeleteButtonTableViewCell.swift in Sources */ = {isa = PBXBuildFile; fileRef = FE00853B2A46726B0049F403 /* DeleteButtonTableViewCell.swift */; };
		FE00853E2A4672910049F403 /* ColorPickerTableViewCell.swift in Sources */ = {isa = PBXBuildFile; fileRef = FE00853D2A4672910049F403 /* ColorPickerTableViewCell.swift */; };
		FE0085402A4672B30049F403 /* ShowColorPickerTableViewCell.swift in Sources */ = {isa = PBXBuildFile; fileRef = FE00853F2A4672B30049F403 /* ShowColorPickerTableViewCell.swift */; };
		FE0085422A4672D50049F403 /* ColorPickerView.swift in Sources */ = {isa = PBXBuildFile; fileRef = FE0085412A4672D50049F403 /* ColorPickerView.swift */; };
		FE0085452A4673010049F403 /* UIColor+HEXCode.swift in Sources */ = {isa = PBXBuildFile; fileRef = FE0085442A4673010049F403 /* UIColor+HEXCode.swift */; };
		FE0085472A4673250049F403 /* TodoListTableViewController+TextViewDelegate.swift in Sources */ = {isa = PBXBuildFile; fileRef = FE0085462A4673250049F403 /* TodoListTableViewController+TextViewDelegate.swift */; };
		FE0085492A46794F0049F403 /* NSLayoutConstraints+TableViewCellContentView.swift in Sources */ = {isa = PBXBuildFile; fileRef = FE0085482A46794E0049F403 /* NSLayoutConstraints+TableViewCellContentView.swift */; };
		FE5303FE2A498570005B5A8A /* TodoItemTableViewCell.swift in Sources */ = {isa = PBXBuildFile; fileRef = FE5303FD2A498570005B5A8A /* TodoItemTableViewCell.swift */; };
		FE5304002A49CC9F005B5A8A /* TodoItem+DateStrings.swift in Sources */ = {isa = PBXBuildFile; fileRef = FE5303FF2A49CC9F005B5A8A /* TodoItem+DateStrings.swift */; };
		FE5304082A4F11B5005B5A8A /* TransitioningAnimationController.swift in Sources */ = {isa = PBXBuildFile; fileRef = FE5304072A4F11B5005B5A8A /* TransitioningAnimationController.swift */; };
		FE53040B2A4F7C81005B5A8A /* CocoaLumberjack in Frameworks */ = {isa = PBXBuildFile; productRef = FE53040A2A4F7C81005B5A8A /* CocoaLumberjack */; };
		FE53040D2A4F7C81005B5A8A /* CocoaLumberjackSwift in Frameworks */ = {isa = PBXBuildFile; productRef = FE53040C2A4F7C81005B5A8A /* CocoaLumberjackSwift */; };
		FEC83E5D2A3CF1DA00FFD551 /* AppDelegate.swift in Sources */ = {isa = PBXBuildFile; fileRef = FEC83E5C2A3CF1DA00FFD551 /* AppDelegate.swift */; };
		FEC83E5F2A3CF1DA00FFD551 /* SceneDelegate.swift in Sources */ = {isa = PBXBuildFile; fileRef = FEC83E5E2A3CF1DA00FFD551 /* SceneDelegate.swift */; };
		FEC83E612A3CF1DA00FFD551 /* TodoListTableViewController.swift in Sources */ = {isa = PBXBuildFile; fileRef = FEC83E602A3CF1DA00FFD551 /* TodoListTableViewController.swift */; };
		FEC83E662A3CF1DE00FFD551 /* Assets.xcassets in Resources */ = {isa = PBXBuildFile; fileRef = FEC83E652A3CF1DE00FFD551 /* Assets.xcassets */; };
		FEC83E692A3CF1DE00FFD551 /* LaunchScreen.storyboard in Resources */ = {isa = PBXBuildFile; fileRef = FEC83E672A3CF1DE00FFD551 /* LaunchScreen.storyboard */; };
		FEC83E912A3CF64200FFD551 /* ToDoItem.swift in Sources */ = {isa = PBXBuildFile; fileRef = FEC83E902A3CF64200FFD551 /* ToDoItem.swift */; };
		FEC83E932A3CF66C00FFD551 /* FileCache.swift in Sources */ = {isa = PBXBuildFile; fileRef = FEC83E922A3CF66C00FFD551 /* FileCache.swift */; };
		FEC83E952A3CF68C00FFD551 /* CSVExtensions.swift in Sources */ = {isa = PBXBuildFile; fileRef = FEC83E942A3CF68C00FFD551 /* CSVExtensions.swift */; };
		FEC83E972A3CF6CB00FFD551 /* JSONTests.swift in Sources */ = {isa = PBXBuildFile; fileRef = FEC83E962A3CF6CB00FFD551 /* JSONTests.swift */; };
		FEC83E992A3CF70800FFD551 /* TestData.swift in Sources */ = {isa = PBXBuildFile; fileRef = FEC83E982A3CF70800FFD551 /* TestData.swift */; };
		FEC83E9B2A3CF72C00FFD551 /* CSVTests.swift in Sources */ = {isa = PBXBuildFile; fileRef = FEC83E9A2A3CF72C00FFD551 /* CSVTests.swift */; };
		FEC83E9D2A3CF76600FFD551 /* ReadWriteTests.swift in Sources */ = {isa = PBXBuildFile; fileRef = FEC83E9C2A3CF76600FFD551 /* ReadWriteTests.swift */; };
/* End PBXBuildFile section */

/* Begin PBXContainerItemProxy section */
		FEC83E702A3CF1DE00FFD551 /* PBXContainerItemProxy */ = {
			isa = PBXContainerItemProxy;
			containerPortal = FEC83E512A3CF1DA00FFD551 /* Project object */;
			proxyType = 1;
			remoteGlobalIDString = FEC83E582A3CF1DA00FFD551;
			remoteInfo = "todo-app-ahc";
		};
/* End PBXContainerItemProxy section */

/* Begin PBXFileReference section */
		02FF22C82DB31ADE3EBA75C5 /* Pods-todo-app-ahcTests.release.xcconfig */ = {isa = PBXFileReference; includeInIndex = 1; lastKnownFileType = text.xcconfig; name = "Pods-todo-app-ahcTests.release.xcconfig"; path = "Target Support Files/Pods-todo-app-ahcTests/Pods-todo-app-ahcTests.release.xcconfig"; sourceTree = "<group>"; };
		177D78ED6D36C683C4DECB1A /* Pods_todo_app_ahc.framework */ = {isa = PBXFileReference; explicitFileType = wrapper.framework; includeInIndex = 0; path = Pods_todo_app_ahc.framework; sourceTree = BUILT_PRODUCTS_DIR; };
		82291060EF73612EBC5CBAE0 /* Pods_todo_app_ahcTests.framework */ = {isa = PBXFileReference; explicitFileType = wrapper.framework; includeInIndex = 0; path = Pods_todo_app_ahcTests.framework; sourceTree = BUILT_PRODUCTS_DIR; };
		BFB1247FF43A92D48D101FAA /* Pods-todo-app-ahc.debug.xcconfig */ = {isa = PBXFileReference; includeInIndex = 1; lastKnownFileType = text.xcconfig; name = "Pods-todo-app-ahc.debug.xcconfig"; path = "Target Support Files/Pods-todo-app-ahc/Pods-todo-app-ahc.debug.xcconfig"; sourceTree = "<group>"; };
		E1047C5FDE634F7E47CA5CC4 /* Pods-todo-app-ahcTests.debug.xcconfig */ = {isa = PBXFileReference; includeInIndex = 1; lastKnownFileType = text.xcconfig; name = "Pods-todo-app-ahcTests.debug.xcconfig"; path = "Target Support Files/Pods-todo-app-ahcTests/Pods-todo-app-ahcTests.debug.xcconfig"; sourceTree = "<group>"; };
		F843ADBADB24C6F6AD78C06B /* Pods-todo-app-ahc.release.xcconfig */ = {isa = PBXFileReference; includeInIndex = 1; lastKnownFileType = text.xcconfig; name = "Pods-todo-app-ahc.release.xcconfig"; path = "Target Support Files/Pods-todo-app-ahc/Pods-todo-app-ahc.release.xcconfig"; sourceTree = "<group>"; };
		FE0085312A4671280049F403 /* TodoDetailsTableViewController.swift */ = {isa = PBXFileReference; lastKnownFileType = sourcecode.swift; path = TodoDetailsTableViewController.swift; sourceTree = "<group>"; };
		FE0085332A4671590049F403 /* TextViewTableViewCell.swift */ = {isa = PBXFileReference; lastKnownFileType = sourcecode.swift; path = TextViewTableViewCell.swift; sourceTree = "<group>"; };
		FE0085352A4672050049F403 /* PriorityTableViewCell.swift */ = {isa = PBXFileReference; lastKnownFileType = sourcecode.swift; path = PriorityTableViewCell.swift; sourceTree = "<group>"; };
		FE0085372A4672270049F403 /* DeadlineTableViewCell.swift */ = {isa = PBXFileReference; lastKnownFileType = sourcecode.swift; path = DeadlineTableViewCell.swift; sourceTree = "<group>"; };
		FE0085392A4672530049F403 /* DatePickerTableViewCell.swift */ = {isa = PBXFileReference; lastKnownFileType = sourcecode.swift; path = DatePickerTableViewCell.swift; sourceTree = "<group>"; };
		FE00853B2A46726B0049F403 /* DeleteButtonTableViewCell.swift */ = {isa = PBXFileReference; lastKnownFileType = sourcecode.swift; path = DeleteButtonTableViewCell.swift; sourceTree = "<group>"; };
		FE00853D2A4672910049F403 /* ColorPickerTableViewCell.swift */ = {isa = PBXFileReference; lastKnownFileType = sourcecode.swift; path = ColorPickerTableViewCell.swift; sourceTree = "<group>"; };
		FE00853F2A4672B30049F403 /* ShowColorPickerTableViewCell.swift */ = {isa = PBXFileReference; lastKnownFileType = sourcecode.swift; path = ShowColorPickerTableViewCell.swift; sourceTree = "<group>"; };
		FE0085412A4672D50049F403 /* ColorPickerView.swift */ = {isa = PBXFileReference; lastKnownFileType = sourcecode.swift; path = ColorPickerView.swift; sourceTree = "<group>"; };
		FE0085442A4673010049F403 /* UIColor+HEXCode.swift */ = {isa = PBXFileReference; lastKnownFileType = sourcecode.swift; path = "UIColor+HEXCode.swift"; sourceTree = "<group>"; };
		FE0085462A4673250049F403 /* TodoListTableViewController+TextViewDelegate.swift */ = {isa = PBXFileReference; lastKnownFileType = sourcecode.swift; path = "TodoListTableViewController+TextViewDelegate.swift"; sourceTree = "<group>"; };
		FE0085482A46794E0049F403 /* NSLayoutConstraints+TableViewCellContentView.swift */ = {isa = PBXFileReference; lastKnownFileType = sourcecode.swift; path = "NSLayoutConstraints+TableViewCellContentView.swift"; sourceTree = "<group>"; };
		FE5303FD2A498570005B5A8A /* TodoItemTableViewCell.swift */ = {isa = PBXFileReference; lastKnownFileType = sourcecode.swift; path = TodoItemTableViewCell.swift; sourceTree = "<group>"; };
		FE5303FF2A49CC9F005B5A8A /* TodoItem+DateStrings.swift */ = {isa = PBXFileReference; lastKnownFileType = sourcecode.swift; path = "TodoItem+DateStrings.swift"; sourceTree = "<group>"; };
		FE5304072A4F11B5005B5A8A /* TransitioningAnimationController.swift */ = {isa = PBXFileReference; lastKnownFileType = sourcecode.swift; path = TransitioningAnimationController.swift; sourceTree = "<group>"; };
		FEC83E592A3CF1DA00FFD551 /* todo-app-ahc.app */ = {isa = PBXFileReference; explicitFileType = wrapper.application; includeInIndex = 0; path = "todo-app-ahc.app"; sourceTree = BUILT_PRODUCTS_DIR; };
		FEC83E5C2A3CF1DA00FFD551 /* AppDelegate.swift */ = {isa = PBXFileReference; lastKnownFileType = sourcecode.swift; path = AppDelegate.swift; sourceTree = "<group>"; };
		FEC83E5E2A3CF1DA00FFD551 /* SceneDelegate.swift */ = {isa = PBXFileReference; lastKnownFileType = sourcecode.swift; path = SceneDelegate.swift; sourceTree = "<group>"; };
		FEC83E602A3CF1DA00FFD551 /* TodoListTableViewController.swift */ = {isa = PBXFileReference; lastKnownFileType = sourcecode.swift; path = TodoListTableViewController.swift; sourceTree = "<group>"; };
		FEC83E652A3CF1DE00FFD551 /* Assets.xcassets */ = {isa = PBXFileReference; lastKnownFileType = folder.assetcatalog; path = Assets.xcassets; sourceTree = "<group>"; };
		FEC83E682A3CF1DE00FFD551 /* Base */ = {isa = PBXFileReference; lastKnownFileType = file.storyboard; name = Base; path = Base.lproj/LaunchScreen.storyboard; sourceTree = "<group>"; };
		FEC83E6A2A3CF1DE00FFD551 /* Info.plist */ = {isa = PBXFileReference; lastKnownFileType = text.plist.xml; path = Info.plist; sourceTree = "<group>"; };
		FEC83E6F2A3CF1DE00FFD551 /* todo-app-ahcTests.xctest */ = {isa = PBXFileReference; explicitFileType = wrapper.cfbundle; includeInIndex = 0; path = "todo-app-ahcTests.xctest"; sourceTree = BUILT_PRODUCTS_DIR; };
		FEC83E902A3CF64200FFD551 /* ToDoItem.swift */ = {isa = PBXFileReference; lastKnownFileType = sourcecode.swift; path = ToDoItem.swift; sourceTree = "<group>"; };
		FEC83E922A3CF66C00FFD551 /* FileCache.swift */ = {isa = PBXFileReference; lastKnownFileType = sourcecode.swift; path = FileCache.swift; sourceTree = "<group>"; };
		FEC83E942A3CF68C00FFD551 /* CSVExtensions.swift */ = {isa = PBXFileReference; lastKnownFileType = sourcecode.swift; path = CSVExtensions.swift; sourceTree = "<group>"; };
		FEC83E962A3CF6CB00FFD551 /* JSONTests.swift */ = {isa = PBXFileReference; lastKnownFileType = sourcecode.swift; path = JSONTests.swift; sourceTree = "<group>"; };
		FEC83E982A3CF70800FFD551 /* TestData.swift */ = {isa = PBXFileReference; lastKnownFileType = sourcecode.swift; path = TestData.swift; sourceTree = "<group>"; };
		FEC83E9A2A3CF72C00FFD551 /* CSVTests.swift */ = {isa = PBXFileReference; lastKnownFileType = sourcecode.swift; path = CSVTests.swift; sourceTree = "<group>"; };
		FEC83E9C2A3CF76600FFD551 /* ReadWriteTests.swift */ = {isa = PBXFileReference; lastKnownFileType = sourcecode.swift; path = ReadWriteTests.swift; sourceTree = "<group>"; };
/* End PBXFileReference section */

/* Begin PBXFrameworksBuildPhase section */
		FEC83E562A3CF1DA00FFD551 /* Frameworks */ = {
			isa = PBXFrameworksBuildPhase;
			buildActionMask = 2147483647;
			files = (
				FE53040D2A4F7C81005B5A8A /* CocoaLumberjackSwift in Frameworks */,
				FE53040B2A4F7C81005B5A8A /* CocoaLumberjack in Frameworks */,
				2ED2BE8D2584304D102A1AF5 /* Pods_todo_app_ahc.framework in Frameworks */,
			);
			runOnlyForDeploymentPostprocessing = 0;
		};
		FEC83E6C2A3CF1DE00FFD551 /* Frameworks */ = {
			isa = PBXFrameworksBuildPhase;
			buildActionMask = 2147483647;
			files = (
				B65F9525489F72F0EDF91D54 /* Pods_todo_app_ahcTests.framework in Frameworks */,
			);
			runOnlyForDeploymentPostprocessing = 0;
		};
/* End PBXFrameworksBuildPhase section */

/* Begin PBXGroup section */
		C56B4AB9965369B29ED6CAC7 /* Pods */ = {
			isa = PBXGroup;
			children = (
				BFB1247FF43A92D48D101FAA /* Pods-todo-app-ahc.debug.xcconfig */,
				F843ADBADB24C6F6AD78C06B /* Pods-todo-app-ahc.release.xcconfig */,
				E1047C5FDE634F7E47CA5CC4 /* Pods-todo-app-ahcTests.debug.xcconfig */,
				02FF22C82DB31ADE3EBA75C5 /* Pods-todo-app-ahcTests.release.xcconfig */,
			);
			path = Pods;
			sourceTree = "<group>";
		};
		EAAEB4CCC285B14273265686 /* Frameworks */ = {
			isa = PBXGroup;
			children = (
				177D78ED6D36C683C4DECB1A /* Pods_todo_app_ahc.framework */,
				82291060EF73612EBC5CBAE0 /* Pods_todo_app_ahcTests.framework */,
			);
			name = Frameworks;
			sourceTree = "<group>";
		};
		FE00852E2A4670CF0049F403 /* Views */ = {
			isa = PBXGroup;
			children = (
				FE0085302A4670FA0049F403 /* TableViewCells */,
				FE0085412A4672D50049F403 /* ColorPickerView.swift */,
			);
			path = Views;
			sourceTree = "<group>";
		};
		FE00852F2A4670EB0049F403 /* ViewControllers */ = {
			isa = PBXGroup;
			children = (
				FE0085312A4671280049F403 /* TodoDetailsTableViewController.swift */,
				FEC83E602A3CF1DA00FFD551 /* TodoListTableViewController.swift */,
			);
			path = ViewControllers;
			sourceTree = "<group>";
		};
		FE0085302A4670FA0049F403 /* TableViewCells */ = {
			isa = PBXGroup;
			children = (
				FE0085332A4671590049F403 /* TextViewTableViewCell.swift */,
				FE0085352A4672050049F403 /* PriorityTableViewCell.swift */,
				FE0085372A4672270049F403 /* DeadlineTableViewCell.swift */,
				FE0085392A4672530049F403 /* DatePickerTableViewCell.swift */,
				FE00853B2A46726B0049F403 /* DeleteButtonTableViewCell.swift */,
				FE00853D2A4672910049F403 /* ColorPickerTableViewCell.swift */,
				FE00853F2A4672B30049F403 /* ShowColorPickerTableViewCell.swift */,
				FE5303FD2A498570005B5A8A /* TodoItemTableViewCell.swift */,
			);
			path = TableViewCells;
			sourceTree = "<group>";
		};
		FE0085432A4672E70049F403 /* Extensions */ = {
			isa = PBXGroup;
			children = (
				FE0085442A4673010049F403 /* UIColor+HEXCode.swift */,
				FE0085462A4673250049F403 /* TodoListTableViewController+TextViewDelegate.swift */,
				FE0085482A46794E0049F403 /* NSLayoutConstraints+TableViewCellContentView.swift */,
				FE5303FF2A49CC9F005B5A8A /* TodoItem+DateStrings.swift */,
			);
			path = Extensions;
			sourceTree = "<group>";
		};
		FEC7E4F12A5310C800349B4F /* Animations */ = {
			isa = PBXGroup;
			children = (
				FE5304072A4F11B5005B5A8A /* TransitioningAnimationController.swift */,
			);
			path = Animations;
			sourceTree = "<group>";
		};
		FEC83E502A3CF1DA00FFD551 = {
			isa = PBXGroup;
			children = (
				FEC83E5B2A3CF1DA00FFD551 /* todo-app-ahc */,
				FEC83E722A3CF1DE00FFD551 /* todo-app-ahcTests */,
				FEC83E5A2A3CF1DA00FFD551 /* Products */,
				C56B4AB9965369B29ED6CAC7 /* Pods */,
				EAAEB4CCC285B14273265686 /* Frameworks */,
			);
			sourceTree = "<group>";
		};
		FEC83E5A2A3CF1DA00FFD551 /* Products */ = {
			isa = PBXGroup;
			children = (
				FEC83E592A3CF1DA00FFD551 /* todo-app-ahc.app */,
				FEC83E6F2A3CF1DE00FFD551 /* todo-app-ahcTests.xctest */,
			);
			name = Products;
			sourceTree = "<group>";
		};
		FEC83E5B2A3CF1DA00FFD551 /* todo-app-ahc */ = {
			isa = PBXGroup;
			children = (
				FEC7E4F12A5310C800349B4F /* Animations */,
				FE0085432A4672E70049F403 /* Extensions */,
				FE00852F2A4670EB0049F403 /* ViewControllers */,
				FE00852E2A4670CF0049F403 /* Views */,
				FEC83E8F2A3CF63600FFD551 /* Models */,
				FEC83E5C2A3CF1DA00FFD551 /* AppDelegate.swift */,
				FEC83E5E2A3CF1DA00FFD551 /* SceneDelegate.swift */,
				FEC83E652A3CF1DE00FFD551 /* Assets.xcassets */,
				FEC83E672A3CF1DE00FFD551 /* LaunchScreen.storyboard */,
				FEC83E6A2A3CF1DE00FFD551 /* Info.plist */,
			);
			path = "todo-app-ahc";
			sourceTree = "<group>";
		};
		FEC83E722A3CF1DE00FFD551 /* todo-app-ahcTests */ = {
			isa = PBXGroup;
			children = (
				FEC83E962A3CF6CB00FFD551 /* JSONTests.swift */,
				FEC83E9A2A3CF72C00FFD551 /* CSVTests.swift */,
				FEC83E9C2A3CF76600FFD551 /* ReadWriteTests.swift */,
				FEC83E982A3CF70800FFD551 /* TestData.swift */,
			);
			path = "todo-app-ahcTests";
			sourceTree = "<group>";
		};
		FEC83E8F2A3CF63600FFD551 /* Models */ = {
			isa = PBXGroup;
			children = (
				FEC83E902A3CF64200FFD551 /* ToDoItem.swift */,
				FEC83E922A3CF66C00FFD551 /* FileCache.swift */,
				FEC83E942A3CF68C00FFD551 /* CSVExtensions.swift */,
			);
			path = Models;
			sourceTree = "<group>";
		};
/* End PBXGroup section */

/* Begin PBXNativeTarget section */
		FEC83E582A3CF1DA00FFD551 /* todo-app-ahc */ = {
			isa = PBXNativeTarget;
			buildConfigurationList = FEC83E832A3CF1DE00FFD551 /* Build configuration list for PBXNativeTarget "todo-app-ahc" */;
			buildPhases = (
				FEC7E4F02A52F2E300349B4F /* ShellScript */,
				85774A19CDBEC45B223CC428 /* [CP] Check Pods Manifest.lock */,
				FEC83E552A3CF1DA00FFD551 /* Sources */,
				FEC83E562A3CF1DA00FFD551 /* Frameworks */,
				FEC83E572A3CF1DA00FFD551 /* Resources */,
			);
			buildRules = (
			);
			dependencies = (
			);
			name = "todo-app-ahc";
			packageProductDependencies = (
				FE53040A2A4F7C81005B5A8A /* CocoaLumberjack */,
				FE53040C2A4F7C81005B5A8A /* CocoaLumberjackSwift */,
			);
			productName = "todo-app-ahc";
			productReference = FEC83E592A3CF1DA00FFD551 /* todo-app-ahc.app */;
			productType = "com.apple.product-type.application";
		};
		FEC83E6E2A3CF1DE00FFD551 /* todo-app-ahcTests */ = {
			isa = PBXNativeTarget;
			buildConfigurationList = FEC83E862A3CF1DE00FFD551 /* Build configuration list for PBXNativeTarget "todo-app-ahcTests" */;
			buildPhases = (
				D6D398538EC77313ED06AFA6 /* [CP] Check Pods Manifest.lock */,
				FEC83E6B2A3CF1DE00FFD551 /* Sources */,
				FEC83E6C2A3CF1DE00FFD551 /* Frameworks */,
				FEC83E6D2A3CF1DE00FFD551 /* Resources */,
			);
			buildRules = (
			);
			dependencies = (
				FEC83E712A3CF1DE00FFD551 /* PBXTargetDependency */,
			);
			name = "todo-app-ahcTests";
			productName = "todo-app-ahcTests";
			productReference = FEC83E6F2A3CF1DE00FFD551 /* todo-app-ahcTests.xctest */;
			productType = "com.apple.product-type.bundle.unit-test";
		};
/* End PBXNativeTarget section */

/* Begin PBXProject section */
		FEC83E512A3CF1DA00FFD551 /* Project object */ = {
			isa = PBXProject;
			attributes = {
				BuildIndependentTargetsInParallel = 1;
				LastSwiftUpdateCheck = 1420;
				LastUpgradeCheck = 1420;
				TargetAttributes = {
					FEC83E582A3CF1DA00FFD551 = {
						CreatedOnToolsVersion = 14.2;
					};
					FEC83E6E2A3CF1DE00FFD551 = {
						CreatedOnToolsVersion = 14.2;
						LastSwiftMigration = 1420;
						TestTargetID = FEC83E582A3CF1DA00FFD551;
					};
				};
			};
			buildConfigurationList = FEC83E542A3CF1DA00FFD551 /* Build configuration list for PBXProject "todo-app-ahc" */;
			compatibilityVersion = "Xcode 14.0";
			developmentRegion = en;
			hasScannedForEncodings = 0;
			knownRegions = (
				en,
				Base,
			);
			mainGroup = FEC83E502A3CF1DA00FFD551;
			packageReferences = (
				FE5304092A4F7C81005B5A8A /* XCRemoteSwiftPackageReference "CocoaLumberJack" */,
			);
			productRefGroup = FEC83E5A2A3CF1DA00FFD551 /* Products */;
			projectDirPath = "";
			projectRoot = "";
			targets = (
				FEC83E582A3CF1DA00FFD551 /* todo-app-ahc */,
				FEC83E6E2A3CF1DE00FFD551 /* todo-app-ahcTests */,
			);
		};
/* End PBXProject section */

/* Begin PBXResourcesBuildPhase section */
		FEC83E572A3CF1DA00FFD551 /* Resources */ = {
			isa = PBXResourcesBuildPhase;
			buildActionMask = 2147483647;
			files = (
				FEC83E692A3CF1DE00FFD551 /* LaunchScreen.storyboard in Resources */,
				FEC83E662A3CF1DE00FFD551 /* Assets.xcassets in Resources */,
			);
			runOnlyForDeploymentPostprocessing = 0;
		};
		FEC83E6D2A3CF1DE00FFD551 /* Resources */ = {
			isa = PBXResourcesBuildPhase;
			buildActionMask = 2147483647;
			files = (
			);
			runOnlyForDeploymentPostprocessing = 0;
		};
/* End PBXResourcesBuildPhase section */

/* Begin PBXShellScriptBuildPhase section */
		85774A19CDBEC45B223CC428 /* [CP] Check Pods Manifest.lock */ = {
			isa = PBXShellScriptBuildPhase;
			buildActionMask = 2147483647;
			files = (
			);
			inputFileListPaths = (
			);
			inputPaths = (
				"${PODS_PODFILE_DIR_PATH}/Podfile.lock",
				"${PODS_ROOT}/Manifest.lock",
			);
			name = "[CP] Check Pods Manifest.lock";
			outputFileListPaths = (
			);
			outputPaths = (
				"$(DERIVED_FILE_DIR)/Pods-todo-app-ahc-checkManifestLockResult.txt",
			);
			runOnlyForDeploymentPostprocessing = 0;
			shellPath = /bin/sh;
			shellScript = "diff \"${PODS_PODFILE_DIR_PATH}/Podfile.lock\" \"${PODS_ROOT}/Manifest.lock\" > /dev/null\nif [ $? != 0 ] ; then\n    # print error to STDERR\n    echo \"error: The sandbox is not in sync with the Podfile.lock. Run 'pod install' or update your CocoaPods installation.\" >&2\n    exit 1\nfi\n# This output is used by Xcode 'outputs' to avoid re-running this script phase.\necho \"SUCCESS\" > \"${SCRIPT_OUTPUT_FILE_0}\"\n";
			showEnvVarsInLog = 0;
		};
		D6D398538EC77313ED06AFA6 /* [CP] Check Pods Manifest.lock */ = {
			isa = PBXShellScriptBuildPhase;
			buildActionMask = 2147483647;
			files = (
			);
			inputFileListPaths = (
			);
			inputPaths = (
				"${PODS_PODFILE_DIR_PATH}/Podfile.lock",
				"${PODS_ROOT}/Manifest.lock",
			);
			name = "[CP] Check Pods Manifest.lock";
			outputFileListPaths = (
			);
			outputPaths = (
				"$(DERIVED_FILE_DIR)/Pods-todo-app-ahcTests-checkManifestLockResult.txt",
			);
			runOnlyForDeploymentPostprocessing = 0;
			shellPath = /bin/sh;
			shellScript = "diff \"${PODS_PODFILE_DIR_PATH}/Podfile.lock\" \"${PODS_ROOT}/Manifest.lock\" > /dev/null\nif [ $? != 0 ] ; then\n    # print error to STDERR\n    echo \"error: The sandbox is not in sync with the Podfile.lock. Run 'pod install' or update your CocoaPods installation.\" >&2\n    exit 1\nfi\n# This output is used by Xcode 'outputs' to avoid re-running this script phase.\necho \"SUCCESS\" > \"${SCRIPT_OUTPUT_FILE_0}\"\n";
			showEnvVarsInLog = 0;
		};
		FEC7E4F02A52F2E300349B4F /* ShellScript */ = {
			isa = PBXShellScriptBuildPhase;
			alwaysOutOfDate = 1;
			buildActionMask = 2147483647;
			files = (
			);
			inputFileListPaths = (
			);
			inputPaths = (
			);
			outputFileListPaths = (
			);
			outputPaths = (
			);
			runOnlyForDeploymentPostprocessing = 0;
			shellPath = /bin/sh;
			shellScript = "${PODS_ROOT}/SwiftLint/swiftlint --fix && ${PODS_ROOT}/SwiftLint/swiftlint\n";
		};
/* End PBXShellScriptBuildPhase section */

/* Begin PBXSourcesBuildPhase section */
		FEC83E552A3CF1DA00FFD551 /* Sources */ = {
			isa = PBXSourcesBuildPhase;
			buildActionMask = 2147483647;
			files = (
				FEC83E612A3CF1DA00FFD551 /* TodoListTableViewController.swift in Sources */,
				FE5304002A49CC9F005B5A8A /* TodoItem+DateStrings.swift in Sources */,
				FE0085382A4672270049F403 /* DeadlineTableViewCell.swift in Sources */,
				FE0085402A4672B30049F403 /* ShowColorPickerTableViewCell.swift in Sources */,
				FE0085362A4672050049F403 /* PriorityTableViewCell.swift in Sources */,
				FE0085472A4673250049F403 /* TodoListTableViewController+TextViewDelegate.swift in Sources */,
				FE00853A2A4672530049F403 /* DatePickerTableViewCell.swift in Sources */,
				FE00853E2A4672910049F403 /* ColorPickerTableViewCell.swift in Sources */,
				FE00853C2A46726B0049F403 /* DeleteButtonTableViewCell.swift in Sources */,
				FE0085342A4671590049F403 /* TextViewTableViewCell.swift in Sources */,
				FE0085322A4671280049F403 /* TodoDetailsTableViewController.swift in Sources */,
				FEC83E5D2A3CF1DA00FFD551 /* AppDelegate.swift in Sources */,
				FE5303FE2A498570005B5A8A /* TodoItemTableViewCell.swift in Sources */,
				FE0085452A4673010049F403 /* UIColor+HEXCode.swift in Sources */,
				FEC83E952A3CF68C00FFD551 /* CSVExtensions.swift in Sources */,
				FEC83E912A3CF64200FFD551 /* ToDoItem.swift in Sources */,
				FE0085492A46794F0049F403 /* NSLayoutConstraints+TableViewCellContentView.swift in Sources */,
				FEC83E932A3CF66C00FFD551 /* FileCache.swift in Sources */,
				FEC83E5F2A3CF1DA00FFD551 /* SceneDelegate.swift in Sources */,
				FE5304082A4F11B5005B5A8A /* TransitioningAnimationController.swift in Sources */,
				FE0085422A4672D50049F403 /* ColorPickerView.swift in Sources */,
			);
			runOnlyForDeploymentPostprocessing = 0;
		};
		FEC83E6B2A3CF1DE00FFD551 /* Sources */ = {
			isa = PBXSourcesBuildPhase;
			buildActionMask = 2147483647;
			files = (
				FEC83E972A3CF6CB00FFD551 /* JSONTests.swift in Sources */,
				FEC83E9D2A3CF76600FFD551 /* ReadWriteTests.swift in Sources */,
				FEC83E992A3CF70800FFD551 /* TestData.swift in Sources */,
				FEC83E9B2A3CF72C00FFD551 /* CSVTests.swift in Sources */,
			);
			runOnlyForDeploymentPostprocessing = 0;
		};
/* End PBXSourcesBuildPhase section */

/* Begin PBXTargetDependency section */
		FEC83E712A3CF1DE00FFD551 /* PBXTargetDependency */ = {
			isa = PBXTargetDependency;
			target = FEC83E582A3CF1DA00FFD551 /* todo-app-ahc */;
			targetProxy = FEC83E702A3CF1DE00FFD551 /* PBXContainerItemProxy */;
		};
/* End PBXTargetDependency section */

/* Begin PBXVariantGroup section */
		FEC83E672A3CF1DE00FFD551 /* LaunchScreen.storyboard */ = {
			isa = PBXVariantGroup;
			children = (
				FEC83E682A3CF1DE00FFD551 /* Base */,
			);
			name = LaunchScreen.storyboard;
			sourceTree = "<group>";
		};
/* End PBXVariantGroup section */

/* Begin XCBuildConfiguration section */
		FEC83E812A3CF1DE00FFD551 /* Debug */ = {
			isa = XCBuildConfiguration;
			buildSettings = {
				ALWAYS_SEARCH_USER_PATHS = NO;
				CLANG_ANALYZER_NONNULL = YES;
				CLANG_ANALYZER_NUMBER_OBJECT_CONVERSION = YES_AGGRESSIVE;
				CLANG_CXX_LANGUAGE_STANDARD = "gnu++20";
				CLANG_ENABLE_MODULES = YES;
				CLANG_ENABLE_OBJC_ARC = YES;
				CLANG_ENABLE_OBJC_WEAK = YES;
				CLANG_WARN_BLOCK_CAPTURE_AUTORELEASING = YES;
				CLANG_WARN_BOOL_CONVERSION = YES;
				CLANG_WARN_COMMA = YES;
				CLANG_WARN_CONSTANT_CONVERSION = YES;
				CLANG_WARN_DEPRECATED_OBJC_IMPLEMENTATIONS = YES;
				CLANG_WARN_DIRECT_OBJC_ISA_USAGE = YES_ERROR;
				CLANG_WARN_DOCUMENTATION_COMMENTS = YES;
				CLANG_WARN_EMPTY_BODY = YES;
				CLANG_WARN_ENUM_CONVERSION = YES;
				CLANG_WARN_INFINITE_RECURSION = YES;
				CLANG_WARN_INT_CONVERSION = YES;
				CLANG_WARN_NON_LITERAL_NULL_CONVERSION = YES;
				CLANG_WARN_OBJC_IMPLICIT_RETAIN_SELF = YES;
				CLANG_WARN_OBJC_LITERAL_CONVERSION = YES;
				CLANG_WARN_OBJC_ROOT_CLASS = YES_ERROR;
				CLANG_WARN_QUOTED_INCLUDE_IN_FRAMEWORK_HEADER = YES;
				CLANG_WARN_RANGE_LOOP_ANALYSIS = YES;
				CLANG_WARN_STRICT_PROTOTYPES = YES;
				CLANG_WARN_SUSPICIOUS_MOVE = YES;
				CLANG_WARN_UNGUARDED_AVAILABILITY = YES_AGGRESSIVE;
				CLANG_WARN_UNREACHABLE_CODE = YES;
				CLANG_WARN__DUPLICATE_METHOD_MATCH = YES;
				COPY_PHASE_STRIP = NO;
				DEBUG_INFORMATION_FORMAT = dwarf;
				ENABLE_STRICT_OBJC_MSGSEND = YES;
				ENABLE_TESTABILITY = YES;
				GCC_C_LANGUAGE_STANDARD = gnu11;
				GCC_DYNAMIC_NO_PIC = NO;
				GCC_NO_COMMON_BLOCKS = YES;
				GCC_OPTIMIZATION_LEVEL = 0;
				GCC_PREPROCESSOR_DEFINITIONS = (
					"DEBUG=1",
					"$(inherited)",
				);
				GCC_WARN_64_TO_32_BIT_CONVERSION = YES;
				GCC_WARN_ABOUT_RETURN_TYPE = YES_ERROR;
				GCC_WARN_UNDECLARED_SELECTOR = YES;
				GCC_WARN_UNINITIALIZED_AUTOS = YES_AGGRESSIVE;
				GCC_WARN_UNUSED_FUNCTION = YES;
				GCC_WARN_UNUSED_VARIABLE = YES;
				IPHONEOS_DEPLOYMENT_TARGET = 14.0;
				MTL_ENABLE_DEBUG_INFO = INCLUDE_SOURCE;
				MTL_FAST_MATH = YES;
				ONLY_ACTIVE_ARCH = YES;
				SDKROOT = iphoneos;
				SWIFT_ACTIVE_COMPILATION_CONDITIONS = DEBUG;
				SWIFT_OPTIMIZATION_LEVEL = "-Onone";
			};
			name = Debug;
		};
		FEC83E822A3CF1DE00FFD551 /* Release */ = {
			isa = XCBuildConfiguration;
			buildSettings = {
				ALWAYS_SEARCH_USER_PATHS = NO;
				CLANG_ANALYZER_NONNULL = YES;
				CLANG_ANALYZER_NUMBER_OBJECT_CONVERSION = YES_AGGRESSIVE;
				CLANG_CXX_LANGUAGE_STANDARD = "gnu++20";
				CLANG_ENABLE_MODULES = YES;
				CLANG_ENABLE_OBJC_ARC = YES;
				CLANG_ENABLE_OBJC_WEAK = YES;
				CLANG_WARN_BLOCK_CAPTURE_AUTORELEASING = YES;
				CLANG_WARN_BOOL_CONVERSION = YES;
				CLANG_WARN_COMMA = YES;
				CLANG_WARN_CONSTANT_CONVERSION = YES;
				CLANG_WARN_DEPRECATED_OBJC_IMPLEMENTATIONS = YES;
				CLANG_WARN_DIRECT_OBJC_ISA_USAGE = YES_ERROR;
				CLANG_WARN_DOCUMENTATION_COMMENTS = YES;
				CLANG_WARN_EMPTY_BODY = YES;
				CLANG_WARN_ENUM_CONVERSION = YES;
				CLANG_WARN_INFINITE_RECURSION = YES;
				CLANG_WARN_INT_CONVERSION = YES;
				CLANG_WARN_NON_LITERAL_NULL_CONVERSION = YES;
				CLANG_WARN_OBJC_IMPLICIT_RETAIN_SELF = YES;
				CLANG_WARN_OBJC_LITERAL_CONVERSION = YES;
				CLANG_WARN_OBJC_ROOT_CLASS = YES_ERROR;
				CLANG_WARN_QUOTED_INCLUDE_IN_FRAMEWORK_HEADER = YES;
				CLANG_WARN_RANGE_LOOP_ANALYSIS = YES;
				CLANG_WARN_STRICT_PROTOTYPES = YES;
				CLANG_WARN_SUSPICIOUS_MOVE = YES;
				CLANG_WARN_UNGUARDED_AVAILABILITY = YES_AGGRESSIVE;
				CLANG_WARN_UNREACHABLE_CODE = YES;
				CLANG_WARN__DUPLICATE_METHOD_MATCH = YES;
				COPY_PHASE_STRIP = NO;
				DEBUG_INFORMATION_FORMAT = "dwarf-with-dsym";
				ENABLE_NS_ASSERTIONS = NO;
				ENABLE_STRICT_OBJC_MSGSEND = YES;
				GCC_C_LANGUAGE_STANDARD = gnu11;
				GCC_NO_COMMON_BLOCKS = YES;
				GCC_WARN_64_TO_32_BIT_CONVERSION = YES;
				GCC_WARN_ABOUT_RETURN_TYPE = YES_ERROR;
				GCC_WARN_UNDECLARED_SELECTOR = YES;
				GCC_WARN_UNINITIALIZED_AUTOS = YES_AGGRESSIVE;
				GCC_WARN_UNUSED_FUNCTION = YES;
				GCC_WARN_UNUSED_VARIABLE = YES;
				IPHONEOS_DEPLOYMENT_TARGET = 14.0;
				MTL_ENABLE_DEBUG_INFO = NO;
				MTL_FAST_MATH = YES;
				SDKROOT = iphoneos;
				SWIFT_COMPILATION_MODE = wholemodule;
				SWIFT_OPTIMIZATION_LEVEL = "-O";
				VALIDATE_PRODUCT = YES;
			};
			name = Release;
		};
		FEC83E842A3CF1DE00FFD551 /* Debug */ = {
			isa = XCBuildConfiguration;
			baseConfigurationReference = BFB1247FF43A92D48D101FAA /* Pods-todo-app-ahc.debug.xcconfig */;
			buildSettings = {
				ASSETCATALOG_COMPILER_APPICON_NAME = AppIcon;
				ASSETCATALOG_COMPILER_GLOBAL_ACCENT_COLOR_NAME = AccentColor;
				CODE_SIGN_STYLE = Automatic;
				CURRENT_PROJECT_VERSION = 1;
				DEVELOPMENT_TEAM = F5R54CB92X;
				GENERATE_INFOPLIST_FILE = YES;
				INFOPLIST_FILE = "todo-app-ahc/Info.plist";
				INFOPLIST_KEY_UIApplicationSupportsIndirectInputEvents = YES;
				INFOPLIST_KEY_UILaunchStoryboardName = LaunchScreen;
				INFOPLIST_KEY_UISupportedInterfaceOrientations_iPad = "UIInterfaceOrientationPortrait UIInterfaceOrientationPortraitUpsideDown UIInterfaceOrientationLandscapeLeft UIInterfaceOrientationLandscapeRight";
				INFOPLIST_KEY_UISupportedInterfaceOrientations_iPhone = "UIInterfaceOrientationPortrait UIInterfaceOrientationLandscapeLeft UIInterfaceOrientationLandscapeRight";
				IPHONEOS_DEPLOYMENT_TARGET = 14.0;
				LD_RUNPATH_SEARCH_PATHS = (
					"$(inherited)",
					"@executable_path/Frameworks",
				);
				MARKETING_VERSION = 1.0;
				PRODUCT_BUNDLE_IDENTIFIER = "ahc.todo-app-a-handsome-cat";
				PRODUCT_NAME = "$(TARGET_NAME)";
				SWIFT_EMIT_LOC_STRINGS = YES;
				SWIFT_VERSION = 5.0;
				TARGETED_DEVICE_FAMILY = "1,2";
			};
			name = Debug;
		};
		FEC83E852A3CF1DE00FFD551 /* Release */ = {
			isa = XCBuildConfiguration;
			baseConfigurationReference = F843ADBADB24C6F6AD78C06B /* Pods-todo-app-ahc.release.xcconfig */;
			buildSettings = {
				ASSETCATALOG_COMPILER_APPICON_NAME = AppIcon;
				ASSETCATALOG_COMPILER_GLOBAL_ACCENT_COLOR_NAME = AccentColor;
				CODE_SIGN_STYLE = Automatic;
				CURRENT_PROJECT_VERSION = 1;
				DEVELOPMENT_TEAM = F5R54CB92X;
				GENERATE_INFOPLIST_FILE = YES;
				INFOPLIST_FILE = "todo-app-ahc/Info.plist";
				INFOPLIST_KEY_UIApplicationSupportsIndirectInputEvents = YES;
				INFOPLIST_KEY_UILaunchStoryboardName = LaunchScreen;
				INFOPLIST_KEY_UISupportedInterfaceOrientations_iPad = "UIInterfaceOrientationPortrait UIInterfaceOrientationPortraitUpsideDown UIInterfaceOrientationLandscapeLeft UIInterfaceOrientationLandscapeRight";
				INFOPLIST_KEY_UISupportedInterfaceOrientations_iPhone = "UIInterfaceOrientationPortrait UIInterfaceOrientationLandscapeLeft UIInterfaceOrientationLandscapeRight";
				IPHONEOS_DEPLOYMENT_TARGET = 14.0;
				LD_RUNPATH_SEARCH_PATHS = (
					"$(inherited)",
					"@executable_path/Frameworks",
				);
				MARKETING_VERSION = 1.0;
				PRODUCT_BUNDLE_IDENTIFIER = "ahc.todo-app-a-handsome-cat";
				PRODUCT_NAME = "$(TARGET_NAME)";
				SWIFT_EMIT_LOC_STRINGS = YES;
				SWIFT_VERSION = 5.0;
				TARGETED_DEVICE_FAMILY = "1,2";
			};
			name = Release;
		};
		FEC83E872A3CF1DE00FFD551 /* Debug */ = {
			isa = XCBuildConfiguration;
			baseConfigurationReference = E1047C5FDE634F7E47CA5CC4 /* Pods-todo-app-ahcTests.debug.xcconfig */;
			buildSettings = {
				ALWAYS_EMBED_SWIFT_STANDARD_LIBRARIES = YES;
				BUNDLE_LOADER = "$(TEST_HOST)";
				CLANG_ENABLE_MODULES = YES;
				CODE_SIGN_STYLE = Automatic;
				CURRENT_PROJECT_VERSION = 1;
				DEVELOPMENT_TEAM = F5R54CB92X;
				GENERATE_INFOPLIST_FILE = YES;
				IPHONEOS_DEPLOYMENT_TARGET = 16.2;
				LD_RUNPATH_SEARCH_PATHS = (
					"$(inherited)",
					"@executable_path/Frameworks",
					"@loader_path/Frameworks",
				);
				MARKETING_VERSION = 1.0;
				PRODUCT_BUNDLE_IDENTIFIER = "ahc.todo-app-ahcTests";
				PRODUCT_NAME = "$(TARGET_NAME)";
				SWIFT_EMIT_LOC_STRINGS = NO;
				SWIFT_OPTIMIZATION_LEVEL = "-Onone";
				SWIFT_VERSION = 5.0;
				TARGETED_DEVICE_FAMILY = "1,2";
				TEST_HOST = "$(BUILT_PRODUCTS_DIR)/todo-app-ahc.app/$(BUNDLE_EXECUTABLE_FOLDER_PATH)/todo-app-ahc";
			};
			name = Debug;
		};
		FEC83E882A3CF1DE00FFD551 /* Release */ = {
			isa = XCBuildConfiguration;
			baseConfigurationReference = 02FF22C82DB31ADE3EBA75C5 /* Pods-todo-app-ahcTests.release.xcconfig */;
			buildSettings = {
				ALWAYS_EMBED_SWIFT_STANDARD_LIBRARIES = YES;
				BUNDLE_LOADER = "$(TEST_HOST)";
				CLANG_ENABLE_MODULES = YES;
				CODE_SIGN_STYLE = Automatic;
				CURRENT_PROJECT_VERSION = 1;
				DEVELOPMENT_TEAM = F5R54CB92X;
				GENERATE_INFOPLIST_FILE = YES;
				IPHONEOS_DEPLOYMENT_TARGET = 16.2;
				LD_RUNPATH_SEARCH_PATHS = (
					"$(inherited)",
					"@executable_path/Frameworks",
					"@loader_path/Frameworks",
				);
				MARKETING_VERSION = 1.0;
				PRODUCT_BUNDLE_IDENTIFIER = "ahc.todo-app-ahcTests";
				PRODUCT_NAME = "$(TARGET_NAME)";
				SWIFT_EMIT_LOC_STRINGS = NO;
				SWIFT_VERSION = 5.0;
				TARGETED_DEVICE_FAMILY = "1,2";
				TEST_HOST = "$(BUILT_PRODUCTS_DIR)/todo-app-ahc.app/$(BUNDLE_EXECUTABLE_FOLDER_PATH)/todo-app-ahc";
			};
			name = Release;
		};
/* End XCBuildConfiguration section */

/* Begin XCConfigurationList section */
		FEC83E542A3CF1DA00FFD551 /* Build configuration list for PBXProject "todo-app-ahc" */ = {
			isa = XCConfigurationList;
			buildConfigurations = (
				FEC83E812A3CF1DE00FFD551 /* Debug */,
				FEC83E822A3CF1DE00FFD551 /* Release */,
			);
			defaultConfigurationIsVisible = 0;
			defaultConfigurationName = Release;
		};
		FEC83E832A3CF1DE00FFD551 /* Build configuration list for PBXNativeTarget "todo-app-ahc" */ = {
			isa = XCConfigurationList;
			buildConfigurations = (
				FEC83E842A3CF1DE00FFD551 /* Debug */,
				FEC83E852A3CF1DE00FFD551 /* Release */,
			);
			defaultConfigurationIsVisible = 0;
			defaultConfigurationName = Release;
		};
		FEC83E862A3CF1DE00FFD551 /* Build configuration list for PBXNativeTarget "todo-app-ahcTests" */ = {
			isa = XCConfigurationList;
			buildConfigurations = (
				FEC83E872A3CF1DE00FFD551 /* Debug */,
				FEC83E882A3CF1DE00FFD551 /* Release */,
			);
			defaultConfigurationIsVisible = 0;
			defaultConfigurationName = Release;
		};
/* End XCConfigurationList section */

/* Begin XCRemoteSwiftPackageReference section */
		FE5304092A4F7C81005B5A8A /* XCRemoteSwiftPackageReference "CocoaLumberJack" */ = {
			isa = XCRemoteSwiftPackageReference;
			repositoryURL = "https://github.com/CocoaLumberjack/CocoaLumberJack.git";
			requirement = {
				kind = upToNextMajorVersion;
				minimumVersion = 3.0.0;
			};
		};
/* End XCRemoteSwiftPackageReference section */

/* Begin XCSwiftPackageProductDependency section */
		FE53040A2A4F7C81005B5A8A /* CocoaLumberjack */ = {
			isa = XCSwiftPackageProductDependency;
			package = FE5304092A4F7C81005B5A8A /* XCRemoteSwiftPackageReference "CocoaLumberJack" */;
			productName = CocoaLumberjack;
		};
		FE53040C2A4F7C81005B5A8A /* CocoaLumberjackSwift */ = {
			isa = XCSwiftPackageProductDependency;
			package = FE5304092A4F7C81005B5A8A /* XCRemoteSwiftPackageReference "CocoaLumberJack" */;
			productName = CocoaLumberjackSwift;
		};
/* End XCSwiftPackageProductDependency section */
	};
	rootObject = FEC83E512A3CF1DA00FFD551 /* Project object */;
}
